// !$*UTF8*$!
{
	archiveVersion = 1;
	classes = {
	};
	objectVersion = 77;
	objects = {

/* Begin PBXContainerItemProxy section */
		D380B60D2D42F5B100852C2E /* PBXContainerItemProxy */ = {
			isa = PBXContainerItemProxy;
			containerPortal = D380B5F42D42F5AF00852C2E /* Project object */;
			proxyType = 1;
			remoteGlobalIDString = D380B5FB2D42F5B000852C2E;
			remoteInfo = "BAC Calculator";
		};
		D380B6172D42F5B100852C2E /* PBXContainerItemProxy */ = {
			isa = PBXContainerItemProxy;
			containerPortal = D380B5F42D42F5AF00852C2E /* Project object */;
			proxyType = 1;
			remoteGlobalIDString = D380B5FB2D42F5B000852C2E;
			remoteInfo = "BAC Calculator";
		};
/* End PBXContainerItemProxy section */

/* Begin PBXFileReference section */
		D380B5FC2D42F5B000852C2E /* BAC Calculator.app */ = {isa = PBXFileReference; explicitFileType = wrapper.application; includeInIndex = 0; path = "BAC Calculator.app"; sourceTree = BUILT_PRODUCTS_DIR; };
		D380B60C2D42F5B100852C2E /* BAC CalculatorTests.xctest */ = {isa = PBXFileReference; explicitFileType = wrapper.cfbundle; includeInIndex = 0; path = "BAC CalculatorTests.xctest"; sourceTree = BUILT_PRODUCTS_DIR; };
		D380B6162D42F5B100852C2E /* BAC CalculatorUITests.xctest */ = {isa = PBXFileReference; explicitFileType = wrapper.cfbundle; includeInIndex = 0; path = "BAC CalculatorUITests.xctest"; sourceTree = BUILT_PRODUCTS_DIR; };
/* End PBXFileReference section */

/* Begin PBXFileSystemSynchronizedRootGroup section */
		D380B5FE2D42F5B000852C2E /* BAC Calculator */ = {
			isa = PBXFileSystemSynchronizedRootGroup;
			path = "BAC Calculator";
			sourceTree = "<group>";
		};
		D380B60F2D42F5B100852C2E /* BAC CalculatorTests */ = {
			isa = PBXFileSystemSynchronizedRootGroup;
			path = "BAC CalculatorTests";
			sourceTree = "<group>";
		};
		D380B6192D42F5B100852C2E /* BAC CalculatorUITests */ = {
			isa = PBXFileSystemSynchronizedRootGroup;
			path = "BAC CalculatorUITests";
			sourceTree = "<group>";
		};
/* End PBXFileSystemSynchronizedRootGroup section */

/* Begin PBXFrameworksBuildPhase section */
		D380B5F92D42F5B000852C2E /* Frameworks */ = {
			isa = PBXFrameworksBuildPhase;
			buildActionMask = 2147483647;
			files = (
			);
			runOnlyForDeploymentPostprocessing = 0;
		};
		D380B6092D42F5B100852C2E /* Frameworks */ = {
			isa = PBXFrameworksBuildPhase;
			buildActionMask = 2147483647;
			files = (
			);
			runOnlyForDeploymentPostprocessing = 0;
		};
		D380B6132D42F5B100852C2E /* Frameworks */ = {
			isa = PBXFrameworksBuildPhase;
			buildActionMask = 2147483647;
			files = (
			);
			runOnlyForDeploymentPostprocessing = 0;
		};
/* End PBXFrameworksBuildPhase section */

/* Begin PBXGroup section */
		D380B5F32D42F5AF00852C2E = {
			isa = PBXGroup;
			children = (
				D380B5FE2D42F5B000852C2E /* BAC Calculator */,
				D380B60F2D42F5B100852C2E /* BAC CalculatorTests */,
				D380B6192D42F5B100852C2E /* BAC CalculatorUITests */,
				D380B5FD2D42F5B000852C2E /* Products */,
			);
			sourceTree = "<group>";
		};
		D380B5FD2D42F5B000852C2E /* Products */ = {
			isa = PBXGroup;
			children = (
				D380B5FC2D42F5B000852C2E /* BAC Calculator.app */,
				D380B60C2D42F5B100852C2E /* BAC CalculatorTests.xctest */,
				D380B6162D42F5B100852C2E /* BAC CalculatorUITests.xctest */,
			);
			name = Products;
			sourceTree = "<group>";
		};
/* End PBXGroup section */

/* Begin PBXNativeTarget section */
		D380B5FB2D42F5B000852C2E /* BAC Calculator */ = {
			isa = PBXNativeTarget;
			buildConfigurationList = D380B6202D42F5B100852C2E /* Build configuration list for PBXNativeTarget "BAC Calculator" */;
			buildPhases = (
				D380B5F82D42F5B000852C2E /* Sources */,
				D380B5F92D42F5B000852C2E /* Frameworks */,
				D380B5FA2D42F5B000852C2E /* Resources */,
			);
			buildRules = (
			);
			dependencies = (
			);
			fileSystemSynchronizedGroups = (
				D380B5FE2D42F5B000852C2E /* BAC Calculator */,
			);
			name = "BAC Calculator";
			packageProductDependencies = (
			);
			productName = "BAC Calculator";
			productReference = D380B5FC2D42F5B000852C2E /* BAC Calculator.app */;
			productType = "com.apple.product-type.application";
		};
		D380B60B2D42F5B100852C2E /* BAC CalculatorTests */ = {
			isa = PBXNativeTarget;
			buildConfigurationList = D380B6232D42F5B100852C2E /* Build configuration list for PBXNativeTarget "BAC CalculatorTests" */;
			buildPhases = (
				D380B6082D42F5B100852C2E /* Sources */,
				D380B6092D42F5B100852C2E /* Frameworks */,
				D380B60A2D42F5B100852C2E /* Resources */,
			);
			buildRules = (
			);
			dependencies = (
				D380B60E2D42F5B100852C2E /* PBXTargetDependency */,
			);
			fileSystemSynchronizedGroups = (
				D380B60F2D42F5B100852C2E /* BAC CalculatorTests */,
			);
			name = "BAC CalculatorTests";
			packageProductDependencies = (
			);
			productName = "BAC CalculatorTests";
			productReference = D380B60C2D42F5B100852C2E /* BAC CalculatorTests.xctest */;
			productType = "com.apple.product-type.bundle.unit-test";
		};
		D380B6152D42F5B100852C2E /* BAC CalculatorUITests */ = {
			isa = PBXNativeTarget;
			buildConfigurationList = D380B6262D42F5B100852C2E /* Build configuration list for PBXNativeTarget "BAC CalculatorUITests" */;
			buildPhases = (
				D380B6122D42F5B100852C2E /* Sources */,
				D380B6132D42F5B100852C2E /* Frameworks */,
				D380B6142D42F5B100852C2E /* Resources */,
			);
			buildRules = (
			);
			dependencies = (
				D380B6182D42F5B100852C2E /* PBXTargetDependency */,
			);
			fileSystemSynchronizedGroups = (
				D380B6192D42F5B100852C2E /* BAC CalculatorUITests */,
			);
			name = "BAC CalculatorUITests";
			packageProductDependencies = (
			);
			productName = "BAC CalculatorUITests";
			productReference = D380B6162D42F5B100852C2E /* BAC CalculatorUITests.xctest */;
			productType = "com.apple.product-type.bundle.ui-testing";
		};
/* End PBXNativeTarget section */

/* Begin PBXProject section */
		D380B5F42D42F5AF00852C2E /* Project object */ = {
			isa = PBXProject;
			attributes = {
				BuildIndependentTargetsInParallel = 1;
				LastSwiftUpdateCheck = 1620;
				LastUpgradeCheck = 1620;
				TargetAttributes = {
					D380B5FB2D42F5B000852C2E = {
						CreatedOnToolsVersion = 16.2;
					};
					D380B60B2D42F5B100852C2E = {
						CreatedOnToolsVersion = 16.2;
						TestTargetID = D380B5FB2D42F5B000852C2E;
					};
					D380B6152D42F5B100852C2E = {
						CreatedOnToolsVersion = 16.2;
						TestTargetID = D380B5FB2D42F5B000852C2E;
					};
				};
			};
			buildConfigurationList = D380B5F72D42F5AF00852C2E /* Build configuration list for PBXProject "BAC Calculator" */;
			developmentRegion = en;
			hasScannedForEncodings = 0;
			knownRegions = (
				en,
				Base,
			);
			mainGroup = D380B5F32D42F5AF00852C2E;
			minimizedProjectReferenceProxies = 1;
			preferredProjectObjectVersion = 77;
			productRefGroup = D380B5FD2D42F5B000852C2E /* Products */;
			projectDirPath = "";
			projectRoot = "";
			targets = (
				D380B5FB2D42F5B000852C2E /* BAC Calculator */,
				D380B60B2D42F5B100852C2E /* BAC CalculatorTests */,
				D380B6152D42F5B100852C2E /* BAC CalculatorUITests */,
			);
		};
/* End PBXProject section */

/* Begin PBXResourcesBuildPhase section */
		D380B5FA2D42F5B000852C2E /* Resources */ = {
			isa = PBXResourcesBuildPhase;
			buildActionMask = 2147483647;
			files = (
			);
			runOnlyForDeploymentPostprocessing = 0;
		};
		D380B60A2D42F5B100852C2E /* Resources */ = {
			isa = PBXResourcesBuildPhase;
			buildActionMask = 2147483647;
			files = (
			);
			runOnlyForDeploymentPostprocessing = 0;
		};
		D380B6142D42F5B100852C2E /* Resources */ = {
			isa = PBXResourcesBuildPhase;
			buildActionMask = 2147483647;
			files = (
			);
			runOnlyForDeploymentPostprocessing = 0;
		};
/* End PBXResourcesBuildPhase section */

/* Begin PBXSourcesBuildPhase section */
		D380B5F82D42F5B000852C2E /* Sources */ = {
			isa = PBXSourcesBuildPhase;
			buildActionMask = 2147483647;
			files = (
			);
			runOnlyForDeploymentPostprocessing = 0;
		};
		D380B6082D42F5B100852C2E /* Sources */ = {
			isa = PBXSourcesBuildPhase;
			buildActionMask = 2147483647;
			files = (
			);
			runOnlyForDeploymentPostprocessing = 0;
		};
		D380B6122D42F5B100852C2E /* Sources */ = {
			isa = PBXSourcesBuildPhase;
			buildActionMask = 2147483647;
			files = (
			);
			runOnlyForDeploymentPostprocessing = 0;
		};
/* End PBXSourcesBuildPhase section */

/* Begin PBXTargetDependency section */
		D380B60E2D42F5B100852C2E /* PBXTargetDependency */ = {
			isa = PBXTargetDependency;
			target = D380B5FB2D42F5B000852C2E /* BAC Calculator */;
			targetProxy = D380B60D2D42F5B100852C2E /* PBXContainerItemProxy */;
		};
		D380B6182D42F5B100852C2E /* PBXTargetDependency */ = {
			isa = PBXTargetDependency;
			target = D380B5FB2D42F5B000852C2E /* BAC Calculator */;
			targetProxy = D380B6172D42F5B100852C2E /* PBXContainerItemProxy */;
		};
/* End PBXTargetDependency section */

/* Begin XCBuildConfiguration section */
		D380B61E2D42F5B100852C2E /* Debug */ = {
			isa = XCBuildConfiguration;
			buildSettings = {
				ALWAYS_SEARCH_USER_PATHS = NO;
				ASSETCATALOG_COMPILER_GENERATE_SWIFT_ASSET_SYMBOL_EXTENSIONS = YES;
				CLANG_ANALYZER_NONNULL = YES;
				CLANG_ANALYZER_NUMBER_OBJECT_CONVERSION = YES_AGGRESSIVE;
				CLANG_CXX_LANGUAGE_STANDARD = "gnu++20";
				CLANG_ENABLE_MODULES = YES;
				CLANG_ENABLE_OBJC_ARC = YES;
				CLANG_ENABLE_OBJC_WEAK = YES;
				CLANG_WARN_BLOCK_CAPTURE_AUTORELEASING = YES;
				CLANG_WARN_BOOL_CONVERSION = YES;
				CLANG_WARN_COMMA = YES;
				CLANG_WARN_CONSTANT_CONVERSION = YES;
				CLANG_WARN_DEPRECATED_OBJC_IMPLEMENTATIONS = YES;
				CLANG_WARN_DIRECT_OBJC_ISA_USAGE = YES_ERROR;
				CLANG_WARN_DOCUMENTATION_COMMENTS = YES;
				CLANG_WARN_EMPTY_BODY = YES;
				CLANG_WARN_ENUM_CONVERSION = YES;
				CLANG_WARN_INFINITE_RECURSION = YES;
				CLANG_WARN_INT_CONVERSION = YES;
				CLANG_WARN_NON_LITERAL_NULL_CONVERSION = YES;
				CLANG_WARN_OBJC_IMPLICIT_RETAIN_SELF = YES;
				CLANG_WARN_OBJC_LITERAL_CONVERSION = YES;
				CLANG_WARN_OBJC_ROOT_CLASS = YES_ERROR;
				CLANG_WARN_QUOTED_INCLUDE_IN_FRAMEWORK_HEADER = YES;
				CLANG_WARN_RANGE_LOOP_ANALYSIS = YES;
				CLANG_WARN_STRICT_PROTOTYPES = YES;
				CLANG_WARN_SUSPICIOUS_MOVE = YES;
				CLANG_WARN_UNGUARDED_AVAILABILITY = YES_AGGRESSIVE;
				CLANG_WARN_UNREACHABLE_CODE = YES;
				CLANG_WARN__DUPLICATE_METHOD_MATCH = YES;
				COPY_PHASE_STRIP = NO;
				DEBUG_INFORMATION_FORMAT = dwarf;
				ENABLE_STRICT_OBJC_MSGSEND = YES;
				ENABLE_TESTABILITY = YES;
				ENABLE_USER_SCRIPT_SANDBOXING = YES;
				GCC_C_LANGUAGE_STANDARD = gnu17;
				GCC_DYNAMIC_NO_PIC = NO;
				GCC_NO_COMMON_BLOCKS = YES;
				GCC_OPTIMIZATION_LEVEL = 0;
				GCC_PREPROCESSOR_DEFINITIONS = (
					"DEBUG=1",
					"$(inherited)",
				);
				GCC_WARN_64_TO_32_BIT_CONVERSION = YES;
				GCC_WARN_ABOUT_RETURN_TYPE = YES_ERROR;
				GCC_WARN_UNDECLARED_SELECTOR = YES;
				GCC_WARN_UNINITIALIZED_AUTOS = YES_AGGRESSIVE;
				GCC_WARN_UNUSED_FUNCTION = YES;
				GCC_WARN_UNUSED_VARIABLE = YES;
				IPHONEOS_DEPLOYMENT_TARGET = 18.2;
				LOCALIZATION_PREFERS_STRING_CATALOGS = YES;
				MTL_ENABLE_DEBUG_INFO = INCLUDE_SOURCE;
				MTL_FAST_MATH = YES;
				ONLY_ACTIVE_ARCH = YES;
				SDKROOT = iphoneos;
				SWIFT_ACTIVE_COMPILATION_CONDITIONS = "DEBUG $(inherited)";
				SWIFT_OPTIMIZATION_LEVEL = "-Onone";
			};
			name = Debug;
		};
		D380B61F2D42F5B100852C2E /* Release */ = {
			isa = XCBuildConfiguration;
			buildSettings = {
				ALWAYS_SEARCH_USER_PATHS = NO;
				ASSETCATALOG_COMPILER_GENERATE_SWIFT_ASSET_SYMBOL_EXTENSIONS = YES;
				CLANG_ANALYZER_NONNULL = YES;
				CLANG_ANALYZER_NUMBER_OBJECT_CONVERSION = YES_AGGRESSIVE;
				CLANG_CXX_LANGUAGE_STANDARD = "gnu++20";
				CLANG_ENABLE_MODULES = YES;
				CLANG_ENABLE_OBJC_ARC = YES;
				CLANG_ENABLE_OBJC_WEAK = YES;
				CLANG_WARN_BLOCK_CAPTURE_AUTORELEASING = YES;
				CLANG_WARN_BOOL_CONVERSION = YES;
				CLANG_WARN_COMMA = YES;
				CLANG_WARN_CONSTANT_CONVERSION = YES;
				CLANG_WARN_DEPRECATED_OBJC_IMPLEMENTATIONS = YES;
				CLANG_WARN_DIRECT_OBJC_ISA_USAGE = YES_ERROR;
				CLANG_WARN_DOCUMENTATION_COMMENTS = YES;
				CLANG_WARN_EMPTY_BODY = YES;
				CLANG_WARN_ENUM_CONVERSION = YES;
				CLANG_WARN_INFINITE_RECURSION = YES;
				CLANG_WARN_INT_CONVERSION = YES;
				CLANG_WARN_NON_LITERAL_NULL_CONVERSION = YES;
				CLANG_WARN_OBJC_IMPLICIT_RETAIN_SELF = YES;
				CLANG_WARN_OBJC_LITERAL_CONVERSION = YES;
				CLANG_WARN_OBJC_ROOT_CLASS = YES_ERROR;
				CLANG_WARN_QUOTED_INCLUDE_IN_FRAMEWORK_HEADER = YES;
				CLANG_WARN_RANGE_LOOP_ANALYSIS = YES;
				CLANG_WARN_STRICT_PROTOTYPES = YES;
				CLANG_WARN_SUSPICIOUS_MOVE = YES;
				CLANG_WARN_UNGUARDED_AVAILABILITY = YES_AGGRESSIVE;
				CLANG_WARN_UNREACHABLE_CODE = YES;
				CLANG_WARN__DUPLICATE_METHOD_MATCH = YES;
				COPY_PHASE_STRIP = NO;
				DEBUG_INFORMATION_FORMAT = "dwarf-with-dsym";
				ENABLE_NS_ASSERTIONS = NO;
				ENABLE_STRICT_OBJC_MSGSEND = YES;
				ENABLE_USER_SCRIPT_SANDBOXING = YES;
				GCC_C_LANGUAGE_STANDARD = gnu17;
				GCC_NO_COMMON_BLOCKS = YES;
				GCC_WARN_64_TO_32_BIT_CONVERSION = YES;
				GCC_WARN_ABOUT_RETURN_TYPE = YES_ERROR;
				GCC_WARN_UNDECLARED_SELECTOR = YES;
				GCC_WARN_UNINITIALIZED_AUTOS = YES_AGGRESSIVE;
				GCC_WARN_UNUSED_FUNCTION = YES;
				GCC_WARN_UNUSED_VARIABLE = YES;
				IPHONEOS_DEPLOYMENT_TARGET = 18.2;
				LOCALIZATION_PREFERS_STRING_CATALOGS = YES;
				MTL_ENABLE_DEBUG_INFO = NO;
				MTL_FAST_MATH = YES;
				SDKROOT = iphoneos;
				SWIFT_COMPILATION_MODE = wholemodule;
				VALIDATE_PRODUCT = YES;
			};
			name = Release;
		};
		D380B6212D42F5B100852C2E /* Debug */ = {
			isa = XCBuildConfiguration;
			buildSettings = {
				ASSETCATALOG_COMPILER_APPICON_NAME = AppIcon;
				ASSETCATALOG_COMPILER_GLOBAL_ACCENT_COLOR_NAME = AccentColor;
				CODE_SIGN_STYLE = Automatic;
				CURRENT_PROJECT_VERSION = 1;
				DEVELOPMENT_ASSET_PATHS = "\"BAC Calculator/Preview Content\"";
				ENABLE_PREVIEWS = YES;
				GENERATE_INFOPLIST_FILE = YES;
				INFOPLIST_KEY_UIApplicationSceneManifest_Generation = YES;
				INFOPLIST_KEY_UIApplicationSupportsIndirectInputEvents = YES;
				INFOPLIST_KEY_UILaunchScreen_Generation = YES;
				INFOPLIST_KEY_UISupportedInterfaceOrientations_iPad = "UIInterfaceOrientationPortrait UIInterfaceOrientationPortraitUpsideDown UIInterfaceOrientationLandscapeLeft UIInterfaceOrientationLandscapeRight";
				INFOPLIST_KEY_UISupportedInterfaceOrientations_iPhone = "UIInterfaceOrientationPortrait UIInterfaceOrientationLandscapeLeft UIInterfaceOrientationLandscapeRight";
				LD_RUNPATH_SEARCH_PATHS = (
					"$(inherited)",
					"@executable_path/Frameworks",
				);
				MARKETING_VERSION = 1.0;
				PRODUCT_BUNDLE_IDENTIFIER = "bbvenega.asu.BAC-Calculator";
				PRODUCT_NAME = "$(TARGET_NAME)";
				SWIFT_EMIT_LOC_STRINGS = YES;
				SWIFT_VERSION = 5.0;
				TARGETED_DEVICE_FAMILY = "1,2";
			};
			name = Debug;
		};
		D380B6222D42F5B100852C2E /* Release */ = {
			isa = XCBuildConfiguration;
			buildSettings = {
				ASSETCATALOG_COMPILER_APPICON_NAME = AppIcon;
				ASSETCATALOG_COMPILER_GLOBAL_ACCENT_COLOR_NAME = AccentColor;
				CODE_SIGN_STYLE = Automatic;
				CURRENT_PROJECT_VERSION = 1;
				DEVELOPMENT_ASSET_PATHS = "\"BAC Calculator/Preview Content\"";
				ENABLE_PREVIEWS = YES;
				GENERATE_INFOPLIST_FILE = YES;
				INFOPLIST_KEY_UIApplicationSceneManifest_Generation = YES;
				INFOPLIST_KEY_UIApplicationSupportsIndirectInputEvents = YES;
				INFOPLIST_KEY_UILaunchScreen_Generation = YES;
				INFOPLIST_KEY_UISupportedInterfaceOrientations_iPad = "UIInterfaceOrientationPortrait UIInterfaceOrientationPortraitUpsideDown UIInterfaceOrientationLandscapeLeft UIInterfaceOrientationLandscapeRight";
				INFOPLIST_KEY_UISupportedInterfaceOrientations_iPhone = "UIInterfaceOrientationPortrait UIInterfaceOrientationLandscapeLeft UIInterfaceOrientationLandscapeRight";
				LD_RUNPATH_SEARCH_PATHS = (
					"$(inherited)",
					"@executable_path/Frameworks",
				);
				MARKETING_VERSION = 1.0;
				PRODUCT_BUNDLE_IDENTIFIER = "bbvenega.asu.BAC-Calculator";
				PRODUCT_NAME = "$(TARGET_NAME)";
				SWIFT_EMIT_LOC_STRINGS = YES;
				SWIFT_VERSION = 5.0;
				TARGETED_DEVICE_FAMILY = "1,2";
			};
			name = Release;
		};
		D380B6242D42F5B100852C2E /* Debug */ = {
			isa = XCBuildConfiguration;
			buildSettings = {
				BUNDLE_LOADER = "$(TEST_HOST)";
				CODE_SIGN_STYLE = Automatic;
				CURRENT_PROJECT_VERSION = 1;
				GENERATE_INFOPLIST_FILE = YES;
				IPHONEOS_DEPLOYMENT_TARGET = 18.2;
				MARKETING_VERSION = 1.0;
				PRODUCT_BUNDLE_IDENTIFIER = "bbvenega.asu.BAC-CalculatorTests";
				PRODUCT_NAME = "$(TARGET_NAME)";
				SWIFT_EMIT_LOC_STRINGS = NO;
				SWIFT_VERSION = 5.0;
				TARGETED_DEVICE_FAMILY = "1,2";
				TEST_HOST = "$(BUILT_PRODUCTS_DIR)/BAC Calculator.app/$(BUNDLE_EXECUTABLE_FOLDER_PATH)/BAC Calculator";
			};
			name = Debug;
		};
		D380B6252D42F5B100852C2E /* Release */ = {
			isa = XCBuildConfiguration;
			buildSettings = {
				BUNDLE_LOADER = "$(TEST_HOST)";
				CODE_SIGN_STYLE = Automatic;
				CURRENT_PROJECT_VERSION = 1;
				GENERATE_INFOPLIST_FILE = YES;
				IPHONEOS_DEPLOYMENT_TARGET = 18.2;
				MARKETING_VERSION = 1.0;
				PRODUCT_BUNDLE_IDENTIFIER = "bbvenega.asu.BAC-CalculatorTests";
				PRODUCT_NAME = "$(TARGET_NAME)";
				SWIFT_EMIT_LOC_STRINGS = NO;
				SWIFT_VERSION = 5.0;
				TARGETED_DEVICE_FAMILY = "1,2";
				TEST_HOST = "$(BUILT_PRODUCTS_DIR)/BAC Calculator.app/$(BUNDLE_EXECUTABLE_FOLDER_PATH)/BAC Calculator";
			};
			name = Release;
		};
		D380B6272D42F5B100852C2E /* Debug */ = {
			isa = XCBuildConfiguration;
			buildSettings = {
				CODE_SIGN_STYLE = Automatic;
				CURRENT_PROJECT_VERSION = 1;
				GENERATE_INFOPLIST_FILE = YES;
				MARKETING_VERSION = 1.0;
				PRODUCT_BUNDLE_IDENTIFIER = "bbvenega.asu.BAC-CalculatorUITests";
				PRODUCT_NAME = "$(TARGET_NAME)";
				SWIFT_EMIT_LOC_STRINGS = NO;
				SWIFT_VERSION = 5.0;
				TARGETED_DEVICE_FAMILY = "1,2";
				TEST_TARGET_NAME = "BAC Calculator";
			};
			name = Debug;
		};
		D380B6282D42F5B100852C2E /* Release */ = {
			isa = XCBuildConfiguration;
			buildSettings = {
				CODE_SIGN_STYLE = Automatic;
				CURRENT_PROJECT_VERSION = 1;
				GENERATE_INFOPLIST_FILE = YES;
				MARKETING_VERSION = 1.0;
				PRODUCT_BUNDLE_IDENTIFIER = "bbvenega.asu.BAC-CalculatorUITests";
				PRODUCT_NAME = "$(TARGET_NAME)";
				SWIFT_EMIT_LOC_STRINGS = NO;
				SWIFT_VERSION = 5.0;
				TARGETED_DEVICE_FAMILY = "1,2";
				TEST_TARGET_NAME = "BAC Calculator";
			};
			name = Release;
		};
/* End XCBuildConfiguration section */

/* Begin XCConfigurationList section */
		D380B5F72D42F5AF00852C2E /* Build configuration list for PBXProject "BAC Calculator" */ = {
			isa = XCConfigurationList;
			buildConfigurations = (
				D380B61E2D42F5B100852C2E /* Debug */,
				D380B61F2D42F5B100852C2E /* Release */,
			);
			defaultConfigurationIsVisible = 0;
			defaultConfigurationName = Release;
		};
		D380B6202D42F5B100852C2E /* Build configuration list for PBXNativeTarget "BAC Calculator" */ = {
			isa = XCConfigurationList;
			buildConfigurations = (
				D380B6212D42F5B100852C2E /* Debug */,
				D380B6222D42F5B100852C2E /* Release */,
			);
			defaultConfigurationIsVisible = 0;
			defaultConfigurationName = Release;
		};
		D380B6232D42F5B100852C2E /* Build configuration list for PBXNativeTarget "BAC CalculatorTests" */ = {
			isa = XCConfigurationList;
			buildConfigurations = (
				D380B6242D42F5B100852C2E /* Debug */,
				D380B6252D42F5B100852C2E /* Release */,
			);
			defaultConfigurationIsVisible = 0;
			defaultConfigurationName = Release;
		};
		D380B6262D42F5B100852C2E /* Build configuration list for PBXNativeTarget "BAC CalculatorUITests" */ = {
			isa = XCConfigurationList;
			buildConfigurations = (
				D380B6272D42F5B100852C2E /* Debug */,
				D380B6282D42F5B100852C2E /* Release */,
			);
			defaultConfigurationIsVisible = 0;
			defaultConfigurationName = Release;
		};
/* End XCConfigurationList section */
	};
	rootObject = D380B5F42D42F5AF00852C2E /* Project object */;
}
